// !$*UTF8*$!
{
	archiveVersion = 1;
	classes = {
	};
	objectVersion = 46;
	objects = {

/* Begin PBXBuildFile section */
		CD68168D19A7BF5500252B20 /* main.swift in Sources */ = {isa = PBXBuildFile; fileRef = CD68168C19A7BF5500252B20 /* main.swift */; };
		CD68168F19A7BF5500252B20 /* AppDelegate.swift in Sources */ = {isa = PBXBuildFile; fileRef = CD68168E19A7BF5500252B20 /* AppDelegate.swift */; };
		CD68169119A7BF5500252B20 /* Images.xcassets in Resources */ = {isa = PBXBuildFile; fileRef = CD68169019A7BF5500252B20 /* Images.xcassets */; };
		CD68169419A7BF5500252B20 /* MainMenu.xib in Resources */ = {isa = PBXBuildFile; fileRef = CD68169219A7BF5500252B20 /* MainMenu.xib */; };
		CD6816A019A7BF5500252B20 /* OpCalcTests.swift in Sources */ = {isa = PBXBuildFile; fileRef = CD68169F19A7BF5500252B20 /* OpCalcTests.swift */; };
		CD6816AC19A7C1B200252B20 /* Operations.swift in Sources */ = {isa = PBXBuildFile; fileRef = CD6816AB19A7C1B200252B20 /* Operations.swift */; };
		CD689A6B19AFA93600E65F60 /* MainViewController.swift in Sources */ = {isa = PBXBuildFile; fileRef = CD689A6919AFA93600E65F60 /* MainViewController.swift */; };
		CD689A6C19AFA93600E65F60 /* MainViewController.xib in Resources */ = {isa = PBXBuildFile; fileRef = CD689A6A19AFA93600E65F60 /* MainViewController.xib */; };
/* End PBXBuildFile section */

/* Begin PBXContainerItemProxy section */
		CD68169A19A7BF5500252B20 /* PBXContainerItemProxy */ = {
			isa = PBXContainerItemProxy;
			containerPortal = CD68167F19A7BF5400252B20 /* Project object */;
			proxyType = 1;
			remoteGlobalIDString = CD68168619A7BF5500252B20;
			remoteInfo = OpCalc;
		};
/* End PBXContainerItemProxy section */

/* Begin PBXFileReference section */
		CD68168719A7BF5500252B20 /* OpCalc.app */ = {isa = PBXFileReference; explicitFileType = wrapper.application; includeInIndex = 0; path = OpCalc.app; sourceTree = BUILT_PRODUCTS_DIR; };
		CD68168B19A7BF5500252B20 /* Info.plist */ = {isa = PBXFileReference; lastKnownFileType = text.plist.xml; path = Info.plist; sourceTree = "<group>"; };
		CD68168C19A7BF5500252B20 /* main.swift */ = {isa = PBXFileReference; lastKnownFileType = sourcecode.swift; path = main.swift; sourceTree = "<group>"; };
		CD68168E19A7BF5500252B20 /* AppDelegate.swift */ = {isa = PBXFileReference; lastKnownFileType = sourcecode.swift; path = AppDelegate.swift; sourceTree = "<group>"; };
		CD68169019A7BF5500252B20 /* Images.xcassets */ = {isa = PBXFileReference; lastKnownFileType = folder.assetcatalog; path = Images.xcassets; sourceTree = "<group>"; };
		CD68169319A7BF5500252B20 /* Base */ = {isa = PBXFileReference; lastKnownFileType = file.xib; name = Base; path = Base.lproj/MainMenu.xib; sourceTree = "<group>"; };
		CD68169919A7BF5500252B20 /* OpCalcTests.xctest */ = {isa = PBXFileReference; explicitFileType = wrapper.cfbundle; includeInIndex = 0; path = OpCalcTests.xctest; sourceTree = BUILT_PRODUCTS_DIR; };
		CD68169E19A7BF5500252B20 /* Info.plist */ = {isa = PBXFileReference; lastKnownFileType = text.plist.xml; path = Info.plist; sourceTree = "<group>"; };
		CD68169F19A7BF5500252B20 /* OpCalcTests.swift */ = {isa = PBXFileReference; lastKnownFileType = sourcecode.swift; path = OpCalcTests.swift; sourceTree = "<group>"; };
		CD6816AB19A7C1B200252B20 /* Operations.swift */ = {isa = PBXFileReference; fileEncoding = 4; lastKnownFileType = sourcecode.swift; path = Operations.swift; sourceTree = "<group>"; };
		CD689A6919AFA93600E65F60 /* MainViewController.swift */ = {isa = PBXFileReference; fileEncoding = 4; lastKnownFileType = sourcecode.swift; name = MainViewController.swift; path = ../MainViewController.swift; sourceTree = "<group>"; };
		CD689A6A19AFA93600E65F60 /* MainViewController.xib */ = {isa = PBXFileReference; fileEncoding = 4; lastKnownFileType = file.xib; name = MainViewController.xib; path = ../MainViewController.xib; sourceTree = "<group>"; };
/* End PBXFileReference section */

/* Begin PBXFrameworksBuildPhase section */
		CD68168419A7BF5500252B20 /* Frameworks */ = {
			isa = PBXFrameworksBuildPhase;
			buildActionMask = 2147483647;
			files = (
			);
			runOnlyForDeploymentPostprocessing = 0;
		};
		CD68169619A7BF5500252B20 /* Frameworks */ = {
			isa = PBXFrameworksBuildPhase;
			buildActionMask = 2147483647;
			files = (
			);
			runOnlyForDeploymentPostprocessing = 0;
		};
/* End PBXFrameworksBuildPhase section */

/* Begin PBXGroup section */
		CD68167E19A7BF5400252B20 = {
			isa = PBXGroup;
			children = (
				CD68168919A7BF5500252B20 /* OpCalc */,
				CD68169C19A7BF5500252B20 /* OpCalcTests */,
				CD68168819A7BF5500252B20 /* Products */,
			);
			sourceTree = "<group>";
		};
		CD68168819A7BF5500252B20 /* Products */ = {
			isa = PBXGroup;
			children = (
				CD68168719A7BF5500252B20 /* OpCalc.app */,
				CD68169919A7BF5500252B20 /* OpCalcTests.xctest */,
			);
			name = Products;
			sourceTree = "<group>";
		};
		CD68168919A7BF5500252B20 /* OpCalc */ = {
			isa = PBXGroup;
			children = (
				CD68168E19A7BF5500252B20 /* AppDelegate.swift */,
				CD6816AB19A7C1B200252B20 /* Operations.swift */,
				CD689A6919AFA93600E65F60 /* MainViewController.swift */,
				CD689A6A19AFA93600E65F60 /* MainViewController.xib */,
				CD68169019A7BF5500252B20 /* Images.xcassets */,
				CD68169219A7BF5500252B20 /* MainMenu.xib */,
				CD68168A19A7BF5500252B20 /* Supporting Files */,
			);
			path = OpCalc;
			sourceTree = "<group>";
		};
		CD68168A19A7BF5500252B20 /* Supporting Files */ = {
			isa = PBXGroup;
			children = (
				CD68168B19A7BF5500252B20 /* Info.plist */,
				CD68168C19A7BF5500252B20 /* main.swift */,
			);
			name = "Supporting Files";
			sourceTree = "<group>";
		};
		CD68169C19A7BF5500252B20 /* OpCalcTests */ = {
			isa = PBXGroup;
			children = (
				CD68169F19A7BF5500252B20 /* OpCalcTests.swift */,
				CD68169D19A7BF5500252B20 /* Supporting Files */,
			);
			path = OpCalcTests;
			sourceTree = "<group>";
		};
		CD68169D19A7BF5500252B20 /* Supporting Files */ = {
			isa = PBXGroup;
			children = (
				CD68169E19A7BF5500252B20 /* Info.plist */,
			);
			name = "Supporting Files";
			sourceTree = "<group>";
		};
/* End PBXGroup section */

/* Begin PBXNativeTarget section */
		CD68168619A7BF5500252B20 /* OpCalc */ = {
			isa = PBXNativeTarget;
			buildConfigurationList = CD6816A319A7BF5500252B20 /* Build configuration list for PBXNativeTarget "OpCalc" */;
			buildPhases = (
				CD68168319A7BF5500252B20 /* Sources */,
				CD68168419A7BF5500252B20 /* Frameworks */,
				CD68168519A7BF5500252B20 /* Resources */,
			);
			buildRules = (
			);
			dependencies = (
			);
			name = OpCalc;
			productName = OpCalc;
			productReference = CD68168719A7BF5500252B20 /* OpCalc.app */;
			productType = "com.apple.product-type.application";
		};
		CD68169819A7BF5500252B20 /* OpCalcTests */ = {
			isa = PBXNativeTarget;
			buildConfigurationList = CD6816A619A7BF5500252B20 /* Build configuration list for PBXNativeTarget "OpCalcTests" */;
			buildPhases = (
				CD68169519A7BF5500252B20 /* Sources */,
				CD68169619A7BF5500252B20 /* Frameworks */,
				CD68169719A7BF5500252B20 /* Resources */,
			);
			buildRules = (
			);
			dependencies = (
				CD68169B19A7BF5500252B20 /* PBXTargetDependency */,
			);
			name = OpCalcTests;
			productName = OpCalcTests;
			productReference = CD68169919A7BF5500252B20 /* OpCalcTests.xctest */;
			productType = "com.apple.product-type.bundle.unit-test";
		};
/* End PBXNativeTarget section */

/* Begin PBXProject section */
		CD68167F19A7BF5400252B20 /* Project object */ = {
			isa = PBXProject;
			attributes = {
				LastUpgradeCheck = 0600;
				ORGANIZATIONNAME = "Fuzz Productions";
				TargetAttributes = {
					CD68168619A7BF5500252B20 = {
						CreatedOnToolsVersion = 6.0;
					};
					CD68169819A7BF5500252B20 = {
						CreatedOnToolsVersion = 6.0;
						TestTargetID = CD68168619A7BF5500252B20;
					};
				};
			};
			buildConfigurationList = CD68168219A7BF5400252B20 /* Build configuration list for PBXProject "OpCalc" */;
			compatibilityVersion = "Xcode 3.2";
			developmentRegion = English;
			hasScannedForEncodings = 0;
			knownRegions = (
				en,
				Base,
			);
			mainGroup = CD68167E19A7BF5400252B20;
			productRefGroup = CD68168819A7BF5500252B20 /* Products */;
			projectDirPath = "";
			projectRoot = "";
			targets = (
				CD68168619A7BF5500252B20 /* OpCalc */,
				CD68169819A7BF5500252B20 /* OpCalcTests */,
			);
		};
/* End PBXProject section */

/* Begin PBXResourcesBuildPhase section */
		CD68168519A7BF5500252B20 /* Resources */ = {
			isa = PBXResourcesBuildPhase;
			buildActionMask = 2147483647;
			files = (
				CD68169119A7BF5500252B20 /* Images.xcassets in Resources */,
				CD689A6C19AFA93600E65F60 /* MainViewController.xib in Resources */,
				CD68169419A7BF5500252B20 /* MainMenu.xib in Resources */,
			);
			runOnlyForDeploymentPostprocessing = 0;
		};
		CD68169719A7BF5500252B20 /* Resources */ = {
			isa = PBXResourcesBuildPhase;
			buildActionMask = 2147483647;
			files = (
			);
			runOnlyForDeploymentPostprocessing = 0;
		};
/* End PBXResourcesBuildPhase section */

/* Begin PBXSourcesBuildPhase section */
		CD68168319A7BF5500252B20 /* Sources */ = {
			isa = PBXSourcesBuildPhase;
			buildActionMask = 2147483647;
			files = (
				CD68168F19A7BF5500252B20 /* AppDelegate.swift in Sources */,
				CD68168D19A7BF5500252B20 /* main.swift in Sources */,
				CD6816AC19A7C1B200252B20 /* Operations.swift in Sources */,
				CD689A6B19AFA93600E65F60 /* MainViewController.swift in Sources */,
			);
			runOnlyForDeploymentPostprocessing = 0;
		};
		CD68169519A7BF5500252B20 /* Sources */ = {
			isa = PBXSourcesBuildPhase;
			buildActionMask = 2147483647;
			files = (
				CD6816A019A7BF5500252B20 /* OpCalcTests.swift in Sources */,
			);
			runOnlyForDeploymentPostprocessing = 0;
		};
/* End PBXSourcesBuildPhase section */

/* Begin PBXTargetDependency section */
		CD68169B19A7BF5500252B20 /* PBXTargetDependency */ = {
			isa = PBXTargetDependency;
			target = CD68168619A7BF5500252B20 /* OpCalc */;
			targetProxy = CD68169A19A7BF5500252B20 /* PBXContainerItemProxy */;
		};
/* End PBXTargetDependency section */

/* Begin PBXVariantGroup section */
		CD68169219A7BF5500252B20 /* MainMenu.xib */ = {
			isa = PBXVariantGroup;
			children = (
				CD68169319A7BF5500252B20 /* Base */,
			);
			name = MainMenu.xib;
			sourceTree = "<group>";
		};
/* End PBXVariantGroup section */

/* Begin XCBuildConfiguration section */
		CD6816A119A7BF5500252B20 /* Debug */ = {
			isa = XCBuildConfiguration;
			buildSettings = {
				ALWAYS_SEARCH_USER_PATHS = NO;
				CLANG_CXX_LANGUAGE_STANDARD = "gnu++0x";
				CLANG_CXX_LIBRARY = "libc++";
				CLANG_ENABLE_MODULES = YES;
				CLANG_ENABLE_OBJC_ARC = YES;
				CLANG_WARN_BOOL_CONVERSION = YES;
				CLANG_WARN_CONSTANT_CONVERSION = YES;
				CLANG_WARN_DIRECT_OBJC_ISA_USAGE = YES_ERROR;
				CLANG_WARN_EMPTY_BODY = YES;
				CLANG_WARN_ENUM_CONVERSION = YES;
				CLANG_WARN_INT_CONVERSION = YES;
				CLANG_WARN_OBJC_ROOT_CLASS = YES_ERROR;
				CLANG_WARN_UNREACHABLE_CODE = YES;
				CLANG_WARN__DUPLICATE_METHOD_MATCH = YES;
				CODE_SIGN_IDENTITY = "-";
				COPY_PHASE_STRIP = NO;
				ENABLE_STRICT_OBJC_MSGSEND = YES;
				GCC_C_LANGUAGE_STANDARD = gnu99;
				GCC_DYNAMIC_NO_PIC = NO;
				GCC_OPTIMIZATION_LEVEL = 0;
				GCC_PREPROCESSOR_DEFINITIONS = (
					"DEBUG=1",
					"$(inherited)",
				);
				GCC_SYMBOLS_PRIVATE_EXTERN = NO;
				GCC_WARN_64_TO_32_BIT_CONVERSION = YES;
				GCC_WARN_ABOUT_RETURN_TYPE = YES_ERROR;
				GCC_WARN_UNDECLARED_SELECTOR = YES;
				GCC_WARN_UNINITIALIZED_AUTOS = YES_AGGRESSIVE;
				GCC_WARN_UNUSED_FUNCTION = YES;
				GCC_WARN_UNUSED_VARIABLE = YES;
				MACOSX_DEPLOYMENT_TARGET = 10.9;
				MTL_ENABLE_DEBUG_INFO = YES;
				ONLY_ACTIVE_ARCH = YES;
				SDKROOT = macosx;
				SWIFT_OPTIMIZATION_LEVEL = "-Onone";
			};
			name = Debug;
		};
		CD6816A219A7BF5500252B20 /* Release */ = {
			isa = XCBuildConfiguration;
			buildSettings = {
				ALWAYS_SEARCH_USER_PATHS = NO;
				CLANG_CXX_LANGUAGE_STANDARD = "gnu++0x";
				CLANG_CXX_LIBRARY = "libc++";
				CLANG_ENABLE_MODULES = YES;
				CLANG_ENABLE_OBJC_ARC = YES;
				CLANG_WARN_BOOL_CONVERSION = YES;
				CLANG_WARN_CONSTANT_CONVERSION = YES;
				CLANG_WARN_DIRECT_OBJC_ISA_USAGE = YES_ERROR;
				CLANG_WARN_EMPTY_BODY = YES;
				CLANG_WARN_ENUM_CONVERSION = YES;
				CLANG_WARN_INT_CONVERSION = YES;
				CLANG_WARN_OBJC_ROOT_CLASS = YES_ERROR;
				CLANG_WARN_UNREACHABLE_CODE = YES;
				CLANG_WARN__DUPLICATE_METHOD_MATCH = YES;
				CODE_SIGN_IDENTITY = "-";
				COPY_PHASE_STRIP = YES;
				DEBUG_INFORMATION_FORMAT = "dwarf-with-dsym";
				ENABLE_NS_ASSERTIONS = NO;
				ENABLE_STRICT_OBJC_MSGSEND = YES;
				GCC_C_LANGUAGE_STANDARD = gnu99;
				GCC_WARN_64_TO_32_BIT_CONVERSION = YES;
				GCC_WARN_ABOUT_RETURN_TYPE = YES_ERROR;
				GCC_WARN_UNDECLARED_SELECTOR = YES;
				GCC_WARN_UNINITIALIZED_AUTOS = YES_AGGRESSIVE;
				GCC_WARN_UNUSED_FUNCTION = YES;
				GCC_WARN_UNUSED_VARIABLE = YES;
				MACOSX_DEPLOYMENT_TARGET = 10.9;
				MTL_ENABLE_DEBUG_INFO = NO;
				SDKROOT = macosx;
			};
			name = Release;
		};
		CD6816A419A7BF5500252B20 /* Debug */ = {
			isa = XCBuildConfiguration;
			buildSettings = {
				ASSETCATALOG_COMPILER_APPICON_NAME = AppIcon;
				COMBINE_HIDPI_IMAGES = YES;
				INFOPLIST_FILE = OpCalc/Info.plist;
				LD_RUNPATH_SEARCH_PATHS = "$(inherited) @executable_path/../Frameworks";
				PRODUCT_NAME = "$(TARGET_NAME)";
			};
			name = Debug;
		};
		CD6816A519A7BF5500252B20 /* Release */ = {
			isa = XCBuildConfiguration;
			buildSettings = {
				ASSETCATALOG_COMPILER_APPICON_NAME = AppIcon;
				COMBINE_HIDPI_IMAGES = YES;
				INFOPLIST_FILE = OpCalc/Info.plist;
				LD_RUNPATH_SEARCH_PATHS = "$(inherited) @executable_path/../Frameworks";
				PRODUCT_NAME = "$(TARGET_NAME)";
			};
			name = Release;
		};
		CD6816A719A7BF5500252B20 /* Debug */ = {
			isa = XCBuildConfiguration;
			buildSettings = {
				BUNDLE_LOADER = "$(TEST_HOST)";
				COMBINE_HIDPI_IMAGES = YES;
				FRAMEWORK_SEARCH_PATHS = (
					"$(DEVELOPER_FRAMEWORKS_DIR)",
					"$(inherited)",
				);
				GCC_PREPROCESSOR_DEFINITIONS = (
					"DEBUG=1",
					"$(inherited)",
				);
				INFOPLIST_FILE = OpCalcTests/Info.plist;
				LD_RUNPATH_SEARCH_PATHS = "$(inherited) @executable_path/../Frameworks @loader_path/../Frameworks";
				PRODUCT_NAME = "$(TARGET_NAME)";
				TEST_HOST = "$(BUILT_PRODUCTS_DIR)/OpCalc.app/Contents/MacOS/OpCalc";
			};
			name = Debug;
		};
		CD6816A819A7BF5500252B20 /* Release */ = {
			isa = XCBuildConfiguration;
			buildSettings = {
				BUNDLE_LOADER = "$(TEST_HOST)";
				COMBINE_HIDPI_IMAGES = YES;
				FRAMEWORK_SEARCH_PATHS = (
					"$(DEVELOPER_FRAMEWORKS_DIR)",
					"$(inherited)",
				);
				INFOPLIST_FILE = OpCalcTests/Info.plist;
				LD_RUNPATH_SEARCH_PATHS = "$(inherited) @executable_path/../Frameworks @loader_path/../Frameworks";
				PRODUCT_NAME = "$(TARGET_NAME)";
				TEST_HOST = "$(BUILT_PRODUCTS_DIR)/OpCalc.app/Contents/MacOS/OpCalc";
			};
			name = Release;
		};
/* End XCBuildConfiguration section */

/* Begin XCConfigurationList section */
		CD68168219A7BF5400252B20 /* Build configuration list for PBXProject "OpCalc" */ = {
			isa = XCConfigurationList;
			buildConfigurations = (
				CD6816A119A7BF5500252B20 /* Debug */,
				CD6816A219A7BF5500252B20 /* Release */,
			);
			defaultConfigurationIsVisible = 0;
			defaultConfigurationName = Release;
		};
		CD6816A319A7BF5500252B20 /* Build configuration list for PBXNativeTarget "OpCalc" */ = {
			isa = XCConfigurationList;
			buildConfigurations = (
				CD6816A419A7BF5500252B20 /* Debug */,
				CD6816A519A7BF5500252B20 /* Release */,
			);
			defaultConfigurationIsVisible = 0;
			defaultConfigurationName = Release;
		};
		CD6816A619A7BF5500252B20 /* Build configuration list for PBXNativeTarget "OpCalcTests" */ = {
			isa = XCConfigurationList;
			buildConfigurations = (
				CD6816A719A7BF5500252B20 /* Debug */,
				CD6816A819A7BF5500252B20 /* Release */,
			);
			defaultConfigurationIsVisible = 0;
			defaultConfigurationName = Release;
		};
/* End XCConfigurationList section */
	};
	rootObject = CD68167F19A7BF5400252B20 /* Project object */;
}
